
Microsoft Visual Studio Solution File, Format Version 12.00
# Visual Studio 15
VisualStudioVersion = 15.0.27703.2026
MinimumVisualStudioVersion = 10.0.40219.1
Project("{FAE04EC0-301F-11D3-BF4B-00C04F79EFBC}") = "Dwarves.Windows", "Dwarves\Dwarves.Windows.csproj", "{C2AA92EF-1C66-4100-B17B-613EA7CB7BCC}"
EndProject
Project("{FAE04EC0-301F-11D3-BF4B-00C04F79EFBC}") = "Dwarves.Core", "Dwarves.Core\Dwarves.Core.csproj", "{3D5D1AE2-F9E7-4BD3-A513-03E58E9E0DFE}"
EndProject
Global
	GlobalSection(SolutionConfigurationPlatforms) = preSolution
		Debug|Any CPU = Debug|Any CPU
		Debug|x86 = Debug|x86
		Release|Any CPU = Release|Any CPU
		Release|x86 = Release|x86
	EndGlobalSection
	GlobalSection(ProjectConfigurationPlatforms) = postSolution
		{C2AA92EF-1C66-4100-B17B-613EA7CB7BCC}.Debug|Any CPU.ActiveCfg = Debug|x86
		{C2AA92EF-1C66-4100-B17B-613EA7CB7BCC}.Debug|x86.ActiveCfg = Debug|x86
		{C2AA92EF-1C66-4100-B17B-613EA7CB7BCC}.Debug|x86.Build.0 = Debug|x86
		{C2AA92EF-1C66-4100-B17B-613EA7CB7BCC}.Release|Any CPU.ActiveCfg = Release|x86
		{C2AA92EF-1C66-4100-B17B-613EA7CB7BCC}.Release|x86.ActiveCfg = Release|x86
		{C2AA92EF-1C66-4100-B17B-613EA7CB7BCC}.Release|x86.Build.0 = Release|x86
		{3D5D1AE2-F9E7-4BD3-A513-03E58E9E0DFE}.Debug|Any CPU.ActiveCfg = Debug|Any CPU
		{3D5D1AE2-F9E7-4BD3-A513-03E58E9E0DFE}.Debug|Any CPU.Build.0 = Debug|Any CPU
		{3D5D1AE2-F9E7-4BD3-A513-03E58E9E0DFE}.Debug|x86.ActiveCfg = Debug|Any CPU
		{3D5D1AE2-F9E7-4BD3-A513-03E58E9E0DFE}.Debug|x86.Build.0 = Debug|Any CPU
		{3D5D1AE2-F9E7-4BD3-A513-03E58E9E0DFE}.Release|Any CPU.ActiveCfg = Release|Any CPU
		{3D5D1AE2-F9E7-4BD3-A513-03E58E9E0DFE}.Release|Any CPU.Build.0 = Release|Any CPU
		{3D5D1AE2-F9E7-4BD3-A513-03E58E9E0DFE}.Release|x86.ActiveCfg = Release|Any CPU
		{3D5D1AE2-F9E7-4BD3-A513-03E58E9E0DFE}.Release|x86.Build.0 = Release|Any CPU
	EndGlobalSection
	GlobalSection(SolutionProperties) = preSolution
		HideSolutionNode = FALSE
	EndGlobalSection
	GlobalSection(ExtensibilityGlobals) = postSolution
		SolutionGuid = {BAC20E6A-5E6B-40B1-8C10-9E94D2B3E277}
	EndGlobalSection
EndGlobal
